{
  "version": 4,
  "terraform_version": "1.1.2",
  "serial": 10,
  "lineage": "9c0ba094-9f2a-5345-0b3e-6e5fe8431680",
  "outputs": {},
  "resources": [
    {
      "mode": "managed",
      "type": "aws_instance",
      "name": "app_server",
      "provider": "provider[\"registry.terraform.io/hashicorp/aws\"]",
      "instances": [
        {
          "schema_version": 1,
          "attributes": {
            "ami": "ami-08d70e59c07c61a3a",
            "arn": "arn:aws:ec2:us-west-2:966110654589:instance/i-0f944c7522167a721",
            "associate_public_ip_address": true,
            "availability_zone": "us-west-2b",
            "capacity_reservation_specification": [
              {
                "capacity_reservation_preference": "open",
                "capacity_reservation_target": []
              }
            ],
            "cpu_core_count": 1,
            "cpu_threads_per_core": 1,
            "credit_specification": [
              {
                "cpu_credits": "standard"
              }
            ],
            "disable_api_termination": false,
            "ebs_block_device": [],
            "ebs_optimized": false,
            "enclave_options": [
              {
                "enabled": false
              }
            ],
            "ephemeral_block_device": [],
            "get_password_data": false,
            "hibernation": false,
            "host_id": null,
            "iam_instance_profile": "",
            "id": "i-0f944c7522167a721",
            "instance_initiated_shutdown_behavior": "stop",
            "instance_state": "running",
            "instance_type": "t2.micro",
            "ipv6_address_count": 0,
            "ipv6_addresses": [],
            "key_name": "aws_key",
            "launch_template": [],
            "metadata_options": [
              {
                "http_endpoint": "enabled",
                "http_put_response_hop_limit": 1,
                "http_tokens": "optional"
              }
            ],
            "monitoring": false,
            "network_interface": [],
            "outpost_arn": "",
            "password_data": "",
            "placement_group": "",
            "placement_partition_number": null,
            "primary_network_interface_id": "eni-0e28409cfac3f3b1b",
            "private_dns": "ip-172-31-37-58.us-west-2.compute.internal",
            "private_ip": "172.31.37.58",
            "public_dns": "ec2-35-164-18-61.us-west-2.compute.amazonaws.com",
            "public_ip": "35.164.18.61",
            "root_block_device": [
              {
                "delete_on_termination": true,
                "device_name": "/dev/sda1",
                "encrypted": false,
                "iops": 100,
                "kms_key_id": "",
                "tags": {},
                "throughput": 0,
                "volume_id": "vol-0a55f0b479176886b",
                "volume_size": 8,
                "volume_type": "gp2"
              }
            ],
            "secondary_private_ips": [],
            "security_groups": [
              "terraform-20211222231018580300000001"
            ],
            "source_dest_check": true,
            "subnet_id": "subnet-0447288ce41d8957e",
            "tags": {
              "Name": "ExampleAppServerInstance"
            },
            "tags_all": {
              "Name": "ExampleAppServerInstance"
            },
            "tenancy": "default",
            "timeouts": null,
            "user_data": null,
            "user_data_base64": null,
            "volume_tags": null,
            "vpc_security_group_ids": [
              "sg-0a11ef97ad2c881da"
            ]
          },
          "sensitive_attributes": [],
          "private": "eyJlMmJmYjczMC1lY2FhLTExZTYtOGY4OC0zNDM2M2JjN2M0YzAiOnsiY3JlYXRlIjo2MDAwMDAwMDAwMDAsImRlbGV0ZSI6MTIwMDAwMDAwMDAwMCwidXBkYXRlIjo2MDAwMDAwMDAwMDB9LCJzY2hlbWFfdmVyc2lvbiI6IjEifQ==",
          "dependencies": [
            "aws_security_group.main"
          ]
        }
      ]
    },
    {
      "mode": "managed",
      "type": "aws_key_pair",
      "name": "deployer",
      "provider": "provider[\"registry.terraform.io/hashicorp/aws\"]",
      "instances": [
        {
          "schema_version": 1,
          "attributes": {
            "arn": "arn:aws:ec2:us-west-2:966110654589:key-pair/aws_key",
            "fingerprint": "5f:e9:46:8d:a3:3c:40:69:8d:4d:ef:3c:01:89:31:5b",
            "id": "aws_key",
            "key_name": "aws_key",
            "key_name_prefix": "",
            "key_pair_id": "key-06af8b1cbe95b18fc",
            "public_key": "ssh-rsa AAAAB3NzaC1yc2EAAAADAQABAAABgQClQ0OtERE2w/lWpQ5xPv5ooTWy1QHT0emggDk5I8w3RDm1GQE7zjZbfUXlIxGnWzTifPxoMszAVtOuF43guSzE2pWj3hGriGofer6I0a6gV7eYWaBJoQDmaCVjkY8eqOduX1v+f8noIyGHwYfc5tdaGEetHVx2O6Fx1ILB/b9WNdJk/L03B6WkjpXiytVvtMcbJtZWixflw+bF+Kdy1IyOX4AUrBN/+aQeoosaLuDkLFwWeHRyRL2q3xPPCjL74I4pDLeQ+jTu4qvsLtVxbFoBBLoIzbMFdTh4mAkuefErwiGBSlMBhj5AIApKG63rPKJ3+dS2QHEAwoBZ5cTNoU4nVh1sjr4WzUIXa3PU5EUJWAjByg/ZNL2qCk9yGE+jjiqhJ2M8Y6dUYfZXlRXvSiyp9AGaPKvg+MrI+9ttNdSi4eaFPRy7cujno3wZ0aO6S6QvUuE7dQegJ+GXILKkebXlkI/R4k0spR5HKJlqPTBRX7ISH7VSW+lhoFeUrMbxqFk= jon@DESKTOP-TD4TO2R",
            "tags": null,
            "tags_all": {}
          },
          "sensitive_attributes": [],
          "private": "eyJzY2hlbWFfdmVyc2lvbiI6IjEifQ=="
        }
      ]
    },
    {
      "mode": "managed",
      "type": "aws_security_group",
      "name": "main",
      "provider": "provider[\"registry.terraform.io/hashicorp/aws\"]",
      "instances": [
        {
          "schema_version": 1,
          "attributes": {
            "arn": "arn:aws:ec2:us-west-2:966110654589:security-group/sg-0a11ef97ad2c881da",
            "description": "Managed by Terraform",
            "egress": [
              {
                "cidr_blocks": [
                  "0.0.0.0/0"
                ],
                "description": "",
                "from_port": 0,
                "ipv6_cidr_blocks": [],
                "prefix_list_ids": [],
                "protocol": "-1",
                "security_groups": [],
                "self": false,
                "to_port": 0
              }
            ],
            "id": "sg-0a11ef97ad2c881da",
            "ingress": [
              {
                "cidr_blocks": [
                  "0.0.0.0/0"
                ],
                "description": "",
                "from_port": 22,
                "ipv6_cidr_blocks": [],
                "prefix_list_ids": [],
                "protocol": "tcp",
                "security_groups": [],
                "self": false,
                "to_port": 22
              }
            ],
            "name": "terraform-20211222231018580300000001",
            "name_prefix": "terraform-",
            "owner_id": "966110654589",
            "revoke_rules_on_delete": false,
            "tags": null,
            "tags_all": {},
            "timeouts": null,
            "vpc_id": "vpc-072d72f929a67d22e"
          },
          "sensitive_attributes": [],
          "private": "eyJlMmJmYjczMC1lY2FhLTExZTYtOGY4OC0zNDM2M2JjN2M0YzAiOnsiY3JlYXRlIjo2MDAwMDAwMDAwMDAsImRlbGV0ZSI6OTAwMDAwMDAwMDAwfSwic2NoZW1hX3ZlcnNpb24iOiIxIn0="
        }
      ]
    }
  ]
}
